github.com/assembly-hub/db v1.2.0 h1:OPUmvMgLiIAW2y9WNYj+ES3eOpqbssgAyMypKkCqLeQ=
github.com/assembly-hub/db v1.2.0/go.mod h1:9+dcqnoroxIHLj6mscB4T6oeEU85yFGahgjl65IKJis=
github.com/assembly-hub/impl-db-sql v1.2.5 h1:2VhMhbuqJR0chGBnZIrzXIBNqQdn5zZBhnqgg+bzxoI=
github.com/assembly-hub/impl-db-sql v1.2.5/go.mod h1:y/3ubm/dY4UVg73M3hxXUX0MtjQGEOLkI+5FfOD+LV8=
github.com/go-sql-driver/mysql v1.7.0 h1:ueSltNNllEqE3qcWBTD0iQd3IpL/6U+mJxLkazJ7YPc=
github.com/go-sql-driver/mysql v1.7.0/go.mod h1:OXbVy3sEdcQ2Doequ6Z5BW6fXNQTmx+9S1MCJN5yJMI=
